
Microsoft Visual Studio Solution File, Format Version 12.00
# Visual Studio 15
VisualStudioVersion = 15.0.27703.2035
MinimumVisualStudioVersion = 10.0.40219.1
Project("{FAE04EC0-301F-11D3-BF4B-00C04F79EFBC}") = "WondermazingGameStore.Api", "WondermazingGameStore.Api\WondermazingGameStore.Api.csproj", "{00C0C5FF-C205-4390-9325-306214B78728}"
EndProject
Project("{2150E333-8FDC-42A3-9474-1A3956D46DE8}") = "0 -UI", "0 -UI", "{6149C70C-01E3-41E0-B8DF-5A7ACBEA8F36}"
EndProject
Project("{2150E333-8FDC-42A3-9474-1A3956D46DE8}") = "2  Domain", "2  Domain", "{3921909A-AA50-407A-89DD-041AA457CCAB}"
EndProject
Project("{FAE04EC0-301F-11D3-BF4B-00C04F79EFBC}") = "WondermazingGameStore.Domain", "WondermazingGameStore.Domain\WondermazingGameStore.Domain.csproj", "{DC073DB6-E74F-4E7E-B71A-49F3BC3F6928}"
EndProject
Project("{2150E333-8FDC-42A3-9474-1A3956D46DE8}") = "1 -Application", "1 -Application", "{844F52E4-92F8-4434-8B4D-D4CAD19DFB2C}"
EndProject
Project("{FAE04EC0-301F-11D3-BF4B-00C04F79EFBC}") = "WondermazigGameStore.Context", "WondermazigGameStore.Context\WondermazigGameStore.Context.csproj", "{BF48F12B-8311-42F5-B364-756504B6B9F3}"
EndProject
Project("{FAE04EC0-301F-11D3-BF4B-00C04F79EFBC}") = "WondermazingGameStore.Web", "WondermazingGameStore.Web\WondermazingGameStore.Web.csproj", "{C2A28DEE-C6D2-4804-9587-635B85738272}"
EndProject
Project("{2150E333-8FDC-42A3-9474-1A3956D46DE8}") = "3 - Service", "3 - Service", "{0DC5DA00-5FB1-4666-907B-BD7BAB4C7477}"
EndProject
Project("{2150E333-8FDC-42A3-9474-1A3956D46DE8}") = "GamesMicroService", "GamesMicroService", "{CD4BED49-8336-4618-8570-224D84E0AFA6}"
EndProject
Project("{2150E333-8FDC-42A3-9474-1A3956D46DE8}") = "AccountMicroService", "AccountMicroService", "{D28786D1-63C2-4514-BE4D-A75CC8D556F1}"
EndProject
Project("{2150E333-8FDC-42A3-9474-1A3956D46DE8}") = "0 - UI", "0 - UI", "{D16AB1B3-2410-4EB3-9BDC-AA284FB36E8E}"
EndProject
Project("{2150E333-8FDC-42A3-9474-1A3956D46DE8}") = "1 - Application", "1 - Application", "{011FC8F0-E306-4B15-BB1A-159013813939}"
EndProject
Project("{2150E333-8FDC-42A3-9474-1A3956D46DE8}") = "2 - Domain", "2 - Domain", "{04D464E6-C378-4559-94A8-83724ADF05EA}"
EndProject
Project("{2150E333-8FDC-42A3-9474-1A3956D46DE8}") = "3 - Service", "3 - Service", "{DA88622B-2C07-4025-8394-C1BEDC5023CE}"
EndProject
Project("{FAE04EC0-301F-11D3-BF4B-00C04F79EFBC}") = "WondermazingGameStore.UserAccount.Web", "WondermazingGameStore.UserAccount.Web\WondermazingGameStore.UserAccount.Web.csproj", "{057F4344-E545-49BE-A85B-C0DB3FD37A19}"
EndProject
Project("{FAE04EC0-301F-11D3-BF4B-00C04F79EFBC}") = "WondermazingGameStore.UserAccount.Api", "WondermazingGameStore.UserAccount.Api\WondermazingGameStore.UserAccount.Api.csproj", "{7E1E0075-83FF-4302-B354-D733212680F6}"
EndProject
Project("{FAE04EC0-301F-11D3-BF4B-00C04F79EFBC}") = "WondermazingGameStore.UserAccount.Domain", "WondermazingGameStore.UserAccount.Domain\WondermazingGameStore.UserAccount.Domain.csproj", "{E0303D46-FEC9-4DB8-B3C9-96432C077DDF}"
EndProject
Project("{FAE04EC0-301F-11D3-BF4B-00C04F79EFBC}") = "WondermazingGameStore.UserAccount.Context", "WondermazingGameStore.UserAccount.Context\WondermazingGameStore.UserAccount.Context.csproj", "{C28986C9-AEFC-43ED-B8C3-5B3ADEA6CCB6}"
EndProject
Global
	GlobalSection(SolutionConfigurationPlatforms) = preSolution
		Debug|Any CPU = Debug|Any CPU
		Release|Any CPU = Release|Any CPU
	EndGlobalSection
	GlobalSection(ProjectConfigurationPlatforms) = postSolution
		{00C0C5FF-C205-4390-9325-306214B78728}.Debug|Any CPU.ActiveCfg = Debug|Any CPU
		{00C0C5FF-C205-4390-9325-306214B78728}.Debug|Any CPU.Build.0 = Debug|Any CPU
		{00C0C5FF-C205-4390-9325-306214B78728}.Release|Any CPU.ActiveCfg = Release|Any CPU
		{00C0C5FF-C205-4390-9325-306214B78728}.Release|Any CPU.Build.0 = Release|Any CPU
		{DC073DB6-E74F-4E7E-B71A-49F3BC3F6928}.Debug|Any CPU.ActiveCfg = Debug|Any CPU
		{DC073DB6-E74F-4E7E-B71A-49F3BC3F6928}.Debug|Any CPU.Build.0 = Debug|Any CPU
		{DC073DB6-E74F-4E7E-B71A-49F3BC3F6928}.Release|Any CPU.ActiveCfg = Release|Any CPU
		{DC073DB6-E74F-4E7E-B71A-49F3BC3F6928}.Release|Any CPU.Build.0 = Release|Any CPU
		{BF48F12B-8311-42F5-B364-756504B6B9F3}.Debug|Any CPU.ActiveCfg = Debug|Any CPU
		{BF48F12B-8311-42F5-B364-756504B6B9F3}.Debug|Any CPU.Build.0 = Debug|Any CPU
		{BF48F12B-8311-42F5-B364-756504B6B9F3}.Release|Any CPU.ActiveCfg = Release|Any CPU
		{BF48F12B-8311-42F5-B364-756504B6B9F3}.Release|Any CPU.Build.0 = Release|Any CPU
		{C2A28DEE-C6D2-4804-9587-635B85738272}.Debug|Any CPU.ActiveCfg = Debug|Any CPU
		{C2A28DEE-C6D2-4804-9587-635B85738272}.Debug|Any CPU.Build.0 = Debug|Any CPU
		{C2A28DEE-C6D2-4804-9587-635B85738272}.Release|Any CPU.ActiveCfg = Release|Any CPU
		{C2A28DEE-C6D2-4804-9587-635B85738272}.Release|Any CPU.Build.0 = Release|Any CPU
		{057F4344-E545-49BE-A85B-C0DB3FD37A19}.Debug|Any CPU.ActiveCfg = Debug|Any CPU
		{057F4344-E545-49BE-A85B-C0DB3FD37A19}.Debug|Any CPU.Build.0 = Debug|Any CPU
		{057F4344-E545-49BE-A85B-C0DB3FD37A19}.Release|Any CPU.ActiveCfg = Release|Any CPU
		{057F4344-E545-49BE-A85B-C0DB3FD37A19}.Release|Any CPU.Build.0 = Release|Any CPU
		{7E1E0075-83FF-4302-B354-D733212680F6}.Debug|Any CPU.ActiveCfg = Debug|Any CPU
		{7E1E0075-83FF-4302-B354-D733212680F6}.Debug|Any CPU.Build.0 = Debug|Any CPU
		{7E1E0075-83FF-4302-B354-D733212680F6}.Release|Any CPU.ActiveCfg = Release|Any CPU
		{7E1E0075-83FF-4302-B354-D733212680F6}.Release|Any CPU.Build.0 = Release|Any CPU
		{E0303D46-FEC9-4DB8-B3C9-96432C077DDF}.Debug|Any CPU.ActiveCfg = Debug|Any CPU
		{E0303D46-FEC9-4DB8-B3C9-96432C077DDF}.Debug|Any CPU.Build.0 = Debug|Any CPU
		{E0303D46-FEC9-4DB8-B3C9-96432C077DDF}.Release|Any CPU.ActiveCfg = Release|Any CPU
		{E0303D46-FEC9-4DB8-B3C9-96432C077DDF}.Release|Any CPU.Build.0 = Release|Any CPU
		{C28986C9-AEFC-43ED-B8C3-5B3ADEA6CCB6}.Debug|Any CPU.ActiveCfg = Debug|Any CPU
		{C28986C9-AEFC-43ED-B8C3-5B3ADEA6CCB6}.Debug|Any CPU.Build.0 = Debug|Any CPU
		{C28986C9-AEFC-43ED-B8C3-5B3ADEA6CCB6}.Release|Any CPU.ActiveCfg = Release|Any CPU
		{C28986C9-AEFC-43ED-B8C3-5B3ADEA6CCB6}.Release|Any CPU.Build.0 = Release|Any CPU
	EndGlobalSection
	GlobalSection(SolutionProperties) = preSolution
		HideSolutionNode = FALSE
	EndGlobalSection
	GlobalSection(NestedProjects) = preSolution
		{00C0C5FF-C205-4390-9325-306214B78728} = {844F52E4-92F8-4434-8B4D-D4CAD19DFB2C}
		{6149C70C-01E3-41E0-B8DF-5A7ACBEA8F36} = {CD4BED49-8336-4618-8570-224D84E0AFA6}
		{3921909A-AA50-407A-89DD-041AA457CCAB} = {CD4BED49-8336-4618-8570-224D84E0AFA6}
		{DC073DB6-E74F-4E7E-B71A-49F3BC3F6928} = {3921909A-AA50-407A-89DD-041AA457CCAB}
		{844F52E4-92F8-4434-8B4D-D4CAD19DFB2C} = {CD4BED49-8336-4618-8570-224D84E0AFA6}
		{BF48F12B-8311-42F5-B364-756504B6B9F3} = {0DC5DA00-5FB1-4666-907B-BD7BAB4C7477}
		{C2A28DEE-C6D2-4804-9587-635B85738272} = {6149C70C-01E3-41E0-B8DF-5A7ACBEA8F36}
		{0DC5DA00-5FB1-4666-907B-BD7BAB4C7477} = {CD4BED49-8336-4618-8570-224D84E0AFA6}
		{D16AB1B3-2410-4EB3-9BDC-AA284FB36E8E} = {D28786D1-63C2-4514-BE4D-A75CC8D556F1}
		{011FC8F0-E306-4B15-BB1A-159013813939} = {D28786D1-63C2-4514-BE4D-A75CC8D556F1}
		{04D464E6-C378-4559-94A8-83724ADF05EA} = {D28786D1-63C2-4514-BE4D-A75CC8D556F1}
		{DA88622B-2C07-4025-8394-C1BEDC5023CE} = {D28786D1-63C2-4514-BE4D-A75CC8D556F1}
		{057F4344-E545-49BE-A85B-C0DB3FD37A19} = {D16AB1B3-2410-4EB3-9BDC-AA284FB36E8E}
		{7E1E0075-83FF-4302-B354-D733212680F6} = {011FC8F0-E306-4B15-BB1A-159013813939}
		{E0303D46-FEC9-4DB8-B3C9-96432C077DDF} = {04D464E6-C378-4559-94A8-83724ADF05EA}
		{C28986C9-AEFC-43ED-B8C3-5B3ADEA6CCB6} = {DA88622B-2C07-4025-8394-C1BEDC5023CE}
	EndGlobalSection
	GlobalSection(ExtensibilityGlobals) = postSolution
		SolutionGuid = {7C94FC32-260A-4C9B-8903-D36B038D4BFF}
	EndGlobalSection
EndGlobal
